
Microsoft Visual Studio Solution File, Format Version 11.00
# Visual Studio 2008
Project("{FAE04EC0-301F-11D3-BF4B-00C04F79EFBC}") = "Assembly-CSharp-vs", "../Assembly-CSharp-vs.csproj", "{4CFFDA30-0E63-039E-0DCA-DAC117CE2649}"
EndProject
Project("{FAE04EC0-301F-11D3-BF4B-00C04F79EFBC}") = "Assembly-CSharp-firstpass-vs", "../Assembly-CSharp-firstpass-vs.csproj", "{E53CDB40-1DF9-8A61-5878-81243AFDF805}"
EndProject
Project("{FAE04EC0-301F-11D3-BF4B-00C04F79EFBC}") = "test", "tests/test.csproj", "{6DFB24A3-F878-4818-89E7-F85584CADB91}"
EndProject
Global
	GlobalSection(SolutionConfigurationPlatforms) = preSolution
		Debug|x86 = Debug|x86
		Release|x86 = Release|x86
	EndGlobalSection
	GlobalSection(ProjectConfigurationPlatforms) = postSolution
		{4CFFDA30-0E63-039E-0DCA-DAC117CE2649}.Debug|x86.ActiveCfg = Debug|Any CPU
		{4CFFDA30-0E63-039E-0DCA-DAC117CE2649}.Debug|x86.Build.0 = Debug|Any CPU
		{4CFFDA30-0E63-039E-0DCA-DAC117CE2649}.Release|x86.ActiveCfg = Release|Any CPU
		{4CFFDA30-0E63-039E-0DCA-DAC117CE2649}.Release|x86.Build.0 = Release|Any CPU
		{6DFB24A3-F878-4818-89E7-F85584CADB91}.Debug|x86.ActiveCfg = Debug|x86
		{6DFB24A3-F878-4818-89E7-F85584CADB91}.Debug|x86.Build.0 = Debug|x86
		{6DFB24A3-F878-4818-89E7-F85584CADB91}.Release|x86.ActiveCfg = Release|x86
		{6DFB24A3-F878-4818-89E7-F85584CADB91}.Release|x86.Build.0 = Release|x86
		{E53CDB40-1DF9-8A61-5878-81243AFDF805}.Debug|x86.ActiveCfg = Debug|Any CPU
		{E53CDB40-1DF9-8A61-5878-81243AFDF805}.Debug|x86.Build.0 = Debug|Any CPU
		{E53CDB40-1DF9-8A61-5878-81243AFDF805}.Release|x86.ActiveCfg = Release|Any CPU
		{E53CDB40-1DF9-8A61-5878-81243AFDF805}.Release|x86.Build.0 = Release|Any CPU
		{D3C8EE03-2AFC-A2DF-2ECC-4E10539BA06A}.Debug|x86.ActiveCfg = Debug|Any CPU
		{D3C8EE03-2AFC-A2DF-2ECC-4E10539BA06A}.Debug|x86.Build.0 = Debug|Any CPU
		{D3C8EE03-2AFC-A2DF-2ECC-4E10539BA06A}.Release|x86.ActiveCfg = Release|Any CPU
		{D3C8EE03-2AFC-A2DF-2ECC-4E10539BA06A}.Release|x86.Build.0 = Release|Any CPU
	EndGlobalSection
	GlobalSection(MonoDevelopProperties) = preSolution
		StartupItem = ../Assembly-CSharp-vs.csproj
		Policies = $0
		$0.TextStylePolicy = $1
		$1.FileWidth = 120
		$1.EolMarker = Windows
		$1.inheritsSet = VisualStudio
		$1.inheritsScope = text/plain
		$1.scope = text/plain
		$0.DotNetNamingPolicy = $2
		$2.DirectoryNamespaceAssociation = None
		$2.ResourceNamePolicy = FileFormatDefault
		$0.TextStylePolicy = $3
		$3.inheritsSet = null
		$3.scope = text/x-csharp
		$0.CSharpFormattingPolicy = $4
		$4.NamespaceBraceStyle = EndOfLine
		$4.ClassBraceStyle = EndOfLine
		$4.InterfaceBraceStyle = EndOfLine
		$4.StructBraceStyle = EndOfLine
		$4.EnumBraceStyle = EndOfLine
		$4.MethodBraceStyle = EndOfLine
		$4.ConstructorBraceStyle = EndOfLine
		$4.DestructorBraceStyle = EndOfLine
		$4.BeforeMethodDeclarationParentheses = False
		$4.BeforeMethodCallParentheses = False
		$4.BeforeConstructorDeclarationParentheses = False
		$4.SpacesBeforeBrackets = False
		$4.inheritsSet = Mono
		$4.inheritsScope = text/x-csharp
		$4.scope = text/x-csharp
	EndGlobalSection
EndGlobal
