
Microsoft Visual Studio Solution File, Format Version 12.00
# Visual Studio 14
VisualStudioVersion = 14.0.23107.0
MinimumVisualStudioVersion = 10.0.40219.1
Project("{FAE04EC0-301F-11D3-BF4B-00C04F79EFBC}") = "Testity.EngineServices", "src\Testity.EngineServices\Testity.EngineServices.csproj", "{2F8FECF5-58D4-4019-9030-A7DDFA8D28AD}"
EndProject
Project("{FAE04EC0-301F-11D3-BF4B-00C04F79EFBC}") = "Testity.EngineComponents", "src\Testity.EngineComponents\Testity.EngineComponents.csproj", "{91DC280A-82BB-4C6C-8154-44B997123879}"
EndProject
Project("{2150E333-8FDC-42A3-9474-1A3956D46DE8}") = "src", "src", "{2417FD8E-AA3C-4B92-B267-9C6D1B3BEE97}"
EndProject
Project("{2150E333-8FDC-42A3-9474-1A3956D46DE8}") = "tests", "tests", "{76FA185F-7DB5-4675-8CB9-03838B9B628D}"
EndProject
Project("{FAE04EC0-301F-11D3-BF4B-00C04F79EFBC}") = "Testity.EngineServices.Tests", "tests\Testity.EngineServices.Tests\Testity.EngineServices.Tests.csproj", "{197D5F83-C4F9-4D18-8A24-849E083881F8}"
EndProject
Project("{FAE04EC0-301F-11D3-BF4B-00C04F79EFBC}") = "Testity.EngineComponents.Tests", "tests\Testity.EngineComponents.Tests\Testity.EngineComponents.Tests.csproj", "{3FD0FE00-CB6A-4730-9FFB-753CFCB4A5DC}"
EndProject
Project("{FAE04EC0-301F-11D3-BF4B-00C04F79EFBC}") = "Testity.EngineMath", "src\Testity.EngineMath\Testity.EngineMath.csproj", "{D1CB2AF4-210C-48A6-AB75-491B824D25EF}"
EndProject
Project("{FAE04EC0-301F-11D3-BF4B-00C04F79EFBC}") = "Testity.EngineMath.Tests", "tests\Testity.EngineMath.Tests\Testity.EngineMath.Tests.csproj", "{6597F436-C412-4D3B-BC92-45668476D488}"
EndProject
Project("{2150E333-8FDC-42A3-9474-1A3956D46DE8}") = "Concrete Engine", "Concrete Engine", "{6BB3781C-2998-4B7D-9B69-0C5F124EFE98}"
EndProject
Project("{FAE04EC0-301F-11D3-BF4B-00C04F79EFBC}") = "Testity.EngineServices.Unity3D", "src\Testity.EngineServices.Unity3D\Testity.EngineServices.Unity3D.csproj", "{88E45448-5F11-4D6E-B60B-2BADF1E2901C}"
EndProject
Project("{2150E333-8FDC-42A3-9474-1A3956D46DE8}") = "Unity3D", "Unity3D", "{237613F9-818E-4509-A64A-4B957D01879A}"
EndProject
Project("{FAE04EC0-301F-11D3-BF4B-00C04F79EFBC}") = "Testity.Unity3D.Editor", "src\Testity.Unity3D.Editor\Testity.Unity3D.Editor.csproj", "{3E9612EF-C08B-4C26-A150-B3BB11390286}"
EndProject
Project("{FAE04EC0-301F-11D3-BF4B-00C04F79EFBC}") = "Testity.EngineComponents.Unity3D", "src\Testity.EngineComponents.Unity3D\Testity.EngineComponents.Unity3D.csproj", "{B90F2CFB-16BB-47EA-B9B2-ECC7148B4705}"
EndProject
Project("{FAE04EC0-301F-11D3-BF4B-00C04F79EFBC}") = "Testity.Common.Unity3D", "src\Testity.Common.Unity3D\Testity.Common.Unity3D.csproj", "{4DFD0E70-DD23-46F0-9BFC-609A062B4A70}"
EndProject
Project("{FAE04EC0-301F-11D3-BF4B-00C04F79EFBC}") = "Testity.EngineComponents.Unity3D.Tests", "tests\Testity.EngineComponents.Unity3D.Tests\Testity.EngineComponents.Unity3D.Tests.csproj", "{BA5D13CF-5A97-4869-BBE1-FCC5F74B315C}"
EndProject
Project("{FAE04EC0-301F-11D3-BF4B-00C04F79EFBC}") = "Testity.EngineMath.Unity3D.Tests", "tests\Testity.EngineMath.Unity3D.Tests\Testity.EngineMath.Unity3D.Tests.csproj", "{563184CE-973C-4E79-85B2-E9FF6F7188B6}"
EndProject
Project("{FAE04EC0-301F-11D3-BF4B-00C04F79EFBC}") = "Testity.Common.Unity3D.Tests", "tests\Testity.Common.Unity3D.Tests\Testity.Common.Unity3D.Tests.csproj", "{E4E397B7-2C20-4F40-9C3E-265215EA9C4E}"
EndProject
Project("{2150E333-8FDC-42A3-9474-1A3956D46DE8}") = "Unity3D", "Unity3D", "{B9042345-AA22-4F8C-A3B7-8623972D4E32}"
EndProject
Project("{2150E333-8FDC-42A3-9474-1A3956D46DE8}") = "Concrete BuildProcesses", "Concrete BuildProcesses", "{3ECD100E-5B76-4068-BB9F-F44CE3706685}"
EndProject
Project("{FAE04EC0-301F-11D3-BF4B-00C04F79EFBC}") = "Testity.BuildProcess.Tests", "tests\Testity.BuildProcess.Tests\Testity.BuildProcess.Tests.csproj", "{19CFDB19-862C-4ABB-99F6-B5707ABFB309}"
EndProject
Project("{FAE04EC0-301F-11D3-BF4B-00C04F79EFBC}") = "Testity.BuildProcess", "src\Testity.BuildProcess\Testity.BuildProcess.csproj", "{B936525C-8AA6-4593-8544-3BF32FC0A026}"
EndProject
Project("{FAE04EC0-301F-11D3-BF4B-00C04F79EFBC}") = "Testity.Common", "src\Testity.Common\Testity.Common.csproj", "{54D9C6DD-C72C-42F1-9BCF-579447B1F0A6}"
EndProject
Project("{FAE04EC0-301F-11D3-BF4B-00C04F79EFBC}") = "Testity.BuildProcess.Unity3D", "src\Testity.BuildProcess.Unity3D\Testity.BuildProcess.Unity3D.csproj", "{E9D0588E-FCB2-452E-8587-3FDC6DFB8669}"
EndProject
Project("{2150E333-8FDC-42A3-9474-1A3956D46DE8}") = "BuildProcesses", "BuildProcesses", "{5E0B5CBC-2681-4561-B71C-DFA7059B445C}"
EndProject
Project("{FAE04EC0-301F-11D3-BF4B-00C04F79EFBC}") = "Testity.BuildProcess.Unity3D.Tests", "tests\Testity.BuildProcess.Unity3D.Tests\Testity.BuildProcess.Unity3D.Tests.csproj", "{1F03B172-A49D-4A0D-98FD-14759EA2FFD6}"
EndProject
Global
	GlobalSection(SolutionConfigurationPlatforms) = preSolution
		Debug|Any CPU = Debug|Any CPU
		Release|Any CPU = Release|Any CPU
	EndGlobalSection
	GlobalSection(ProjectConfigurationPlatforms) = postSolution
		{2F8FECF5-58D4-4019-9030-A7DDFA8D28AD}.Debug|Any CPU.ActiveCfg = Debug|Any CPU
		{2F8FECF5-58D4-4019-9030-A7DDFA8D28AD}.Debug|Any CPU.Build.0 = Debug|Any CPU
		{2F8FECF5-58D4-4019-9030-A7DDFA8D28AD}.Release|Any CPU.ActiveCfg = Release|Any CPU
		{2F8FECF5-58D4-4019-9030-A7DDFA8D28AD}.Release|Any CPU.Build.0 = Release|Any CPU
		{91DC280A-82BB-4C6C-8154-44B997123879}.Debug|Any CPU.ActiveCfg = Debug|Any CPU
		{91DC280A-82BB-4C6C-8154-44B997123879}.Debug|Any CPU.Build.0 = Debug|Any CPU
		{91DC280A-82BB-4C6C-8154-44B997123879}.Release|Any CPU.ActiveCfg = Release|Any CPU
		{91DC280A-82BB-4C6C-8154-44B997123879}.Release|Any CPU.Build.0 = Release|Any CPU
		{197D5F83-C4F9-4D18-8A24-849E083881F8}.Debug|Any CPU.ActiveCfg = Debug|Any CPU
		{197D5F83-C4F9-4D18-8A24-849E083881F8}.Debug|Any CPU.Build.0 = Debug|Any CPU
		{197D5F83-C4F9-4D18-8A24-849E083881F8}.Release|Any CPU.ActiveCfg = Release|Any CPU
		{197D5F83-C4F9-4D18-8A24-849E083881F8}.Release|Any CPU.Build.0 = Release|Any CPU
		{3FD0FE00-CB6A-4730-9FFB-753CFCB4A5DC}.Debug|Any CPU.ActiveCfg = Debug|Any CPU
		{3FD0FE00-CB6A-4730-9FFB-753CFCB4A5DC}.Debug|Any CPU.Build.0 = Debug|Any CPU
		{3FD0FE00-CB6A-4730-9FFB-753CFCB4A5DC}.Release|Any CPU.ActiveCfg = Release|Any CPU
		{3FD0FE00-CB6A-4730-9FFB-753CFCB4A5DC}.Release|Any CPU.Build.0 = Release|Any CPU
		{D1CB2AF4-210C-48A6-AB75-491B824D25EF}.Debug|Any CPU.ActiveCfg = Debug|Any CPU
		{D1CB2AF4-210C-48A6-AB75-491B824D25EF}.Debug|Any CPU.Build.0 = Debug|Any CPU
		{D1CB2AF4-210C-48A6-AB75-491B824D25EF}.Release|Any CPU.ActiveCfg = Release|Any CPU
		{D1CB2AF4-210C-48A6-AB75-491B824D25EF}.Release|Any CPU.Build.0 = Release|Any CPU
		{6597F436-C412-4D3B-BC92-45668476D488}.Debug|Any CPU.ActiveCfg = Debug|Any CPU
		{6597F436-C412-4D3B-BC92-45668476D488}.Debug|Any CPU.Build.0 = Debug|Any CPU
		{6597F436-C412-4D3B-BC92-45668476D488}.Release|Any CPU.ActiveCfg = Release|Any CPU
		{6597F436-C412-4D3B-BC92-45668476D488}.Release|Any CPU.Build.0 = Release|Any CPU
		{88E45448-5F11-4D6E-B60B-2BADF1E2901C}.Debug|Any CPU.ActiveCfg = Debug|Any CPU
		{88E45448-5F11-4D6E-B60B-2BADF1E2901C}.Debug|Any CPU.Build.0 = Debug|Any CPU
		{88E45448-5F11-4D6E-B60B-2BADF1E2901C}.Release|Any CPU.ActiveCfg = Release|Any CPU
		{88E45448-5F11-4D6E-B60B-2BADF1E2901C}.Release|Any CPU.Build.0 = Release|Any CPU
		{3E9612EF-C08B-4C26-A150-B3BB11390286}.Debug|Any CPU.ActiveCfg = Debug|Any CPU
		{3E9612EF-C08B-4C26-A150-B3BB11390286}.Debug|Any CPU.Build.0 = Debug|Any CPU
		{3E9612EF-C08B-4C26-A150-B3BB11390286}.Release|Any CPU.ActiveCfg = Release|Any CPU
		{3E9612EF-C08B-4C26-A150-B3BB11390286}.Release|Any CPU.Build.0 = Release|Any CPU
		{B90F2CFB-16BB-47EA-B9B2-ECC7148B4705}.Debug|Any CPU.ActiveCfg = Debug|Any CPU
		{B90F2CFB-16BB-47EA-B9B2-ECC7148B4705}.Debug|Any CPU.Build.0 = Debug|Any CPU
		{B90F2CFB-16BB-47EA-B9B2-ECC7148B4705}.Release|Any CPU.ActiveCfg = Release|Any CPU
		{B90F2CFB-16BB-47EA-B9B2-ECC7148B4705}.Release|Any CPU.Build.0 = Release|Any CPU
		{4DFD0E70-DD23-46F0-9BFC-609A062B4A70}.Debug|Any CPU.ActiveCfg = Debug|Any CPU
		{4DFD0E70-DD23-46F0-9BFC-609A062B4A70}.Debug|Any CPU.Build.0 = Debug|Any CPU
		{4DFD0E70-DD23-46F0-9BFC-609A062B4A70}.Release|Any CPU.ActiveCfg = Release|Any CPU
		{4DFD0E70-DD23-46F0-9BFC-609A062B4A70}.Release|Any CPU.Build.0 = Release|Any CPU
		{BA5D13CF-5A97-4869-BBE1-FCC5F74B315C}.Debug|Any CPU.ActiveCfg = Debug|Any CPU
		{BA5D13CF-5A97-4869-BBE1-FCC5F74B315C}.Debug|Any CPU.Build.0 = Debug|Any CPU
		{BA5D13CF-5A97-4869-BBE1-FCC5F74B315C}.Release|Any CPU.ActiveCfg = Release|Any CPU
		{BA5D13CF-5A97-4869-BBE1-FCC5F74B315C}.Release|Any CPU.Build.0 = Release|Any CPU
		{563184CE-973C-4E79-85B2-E9FF6F7188B6}.Debug|Any CPU.ActiveCfg = Debug|Any CPU
		{563184CE-973C-4E79-85B2-E9FF6F7188B6}.Debug|Any CPU.Build.0 = Debug|Any CPU
		{563184CE-973C-4E79-85B2-E9FF6F7188B6}.Release|Any CPU.ActiveCfg = Release|Any CPU
		{563184CE-973C-4E79-85B2-E9FF6F7188B6}.Release|Any CPU.Build.0 = Release|Any CPU
		{E4E397B7-2C20-4F40-9C3E-265215EA9C4E}.Debug|Any CPU.ActiveCfg = Debug|Any CPU
		{E4E397B7-2C20-4F40-9C3E-265215EA9C4E}.Debug|Any CPU.Build.0 = Debug|Any CPU
		{E4E397B7-2C20-4F40-9C3E-265215EA9C4E}.Release|Any CPU.ActiveCfg = Release|Any CPU
		{E4E397B7-2C20-4F40-9C3E-265215EA9C4E}.Release|Any CPU.Build.0 = Release|Any CPU
		{19CFDB19-862C-4ABB-99F6-B5707ABFB309}.Debug|Any CPU.ActiveCfg = Debug|Any CPU
		{19CFDB19-862C-4ABB-99F6-B5707ABFB309}.Debug|Any CPU.Build.0 = Debug|Any CPU
		{19CFDB19-862C-4ABB-99F6-B5707ABFB309}.Release|Any CPU.ActiveCfg = Release|Any CPU
		{19CFDB19-862C-4ABB-99F6-B5707ABFB309}.Release|Any CPU.Build.0 = Release|Any CPU
		{B936525C-8AA6-4593-8544-3BF32FC0A026}.Debug|Any CPU.ActiveCfg = Debug|Any CPU
		{B936525C-8AA6-4593-8544-3BF32FC0A026}.Debug|Any CPU.Build.0 = Debug|Any CPU
		{B936525C-8AA6-4593-8544-3BF32FC0A026}.Release|Any CPU.ActiveCfg = Release|Any CPU
		{B936525C-8AA6-4593-8544-3BF32FC0A026}.Release|Any CPU.Build.0 = Release|Any CPU
		{54D9C6DD-C72C-42F1-9BCF-579447B1F0A6}.Debug|Any CPU.ActiveCfg = Debug|Any CPU
		{54D9C6DD-C72C-42F1-9BCF-579447B1F0A6}.Debug|Any CPU.Build.0 = Debug|Any CPU
		{54D9C6DD-C72C-42F1-9BCF-579447B1F0A6}.Release|Any CPU.ActiveCfg = Release|Any CPU
		{54D9C6DD-C72C-42F1-9BCF-579447B1F0A6}.Release|Any CPU.Build.0 = Release|Any CPU
		{E9D0588E-FCB2-452E-8587-3FDC6DFB8669}.Debug|Any CPU.ActiveCfg = Debug|Any CPU
		{E9D0588E-FCB2-452E-8587-3FDC6DFB8669}.Debug|Any CPU.Build.0 = Debug|Any CPU
		{E9D0588E-FCB2-452E-8587-3FDC6DFB8669}.Release|Any CPU.ActiveCfg = Release|Any CPU
		{E9D0588E-FCB2-452E-8587-3FDC6DFB8669}.Release|Any CPU.Build.0 = Release|Any CPU
		{1F03B172-A49D-4A0D-98FD-14759EA2FFD6}.Debug|Any CPU.ActiveCfg = Debug|Any CPU
		{1F03B172-A49D-4A0D-98FD-14759EA2FFD6}.Debug|Any CPU.Build.0 = Debug|Any CPU
		{1F03B172-A49D-4A0D-98FD-14759EA2FFD6}.Release|Any CPU.ActiveCfg = Release|Any CPU
		{1F03B172-A49D-4A0D-98FD-14759EA2FFD6}.Release|Any CPU.Build.0 = Release|Any CPU
	EndGlobalSection
	GlobalSection(SolutionProperties) = preSolution
		HideSolutionNode = FALSE
	EndGlobalSection
	GlobalSection(NestedProjects) = preSolution
		{2F8FECF5-58D4-4019-9030-A7DDFA8D28AD} = {2417FD8E-AA3C-4B92-B267-9C6D1B3BEE97}
		{91DC280A-82BB-4C6C-8154-44B997123879} = {2417FD8E-AA3C-4B92-B267-9C6D1B3BEE97}
		{197D5F83-C4F9-4D18-8A24-849E083881F8} = {76FA185F-7DB5-4675-8CB9-03838B9B628D}
		{3FD0FE00-CB6A-4730-9FFB-753CFCB4A5DC} = {76FA185F-7DB5-4675-8CB9-03838B9B628D}
		{D1CB2AF4-210C-48A6-AB75-491B824D25EF} = {2417FD8E-AA3C-4B92-B267-9C6D1B3BEE97}
		{6597F436-C412-4D3B-BC92-45668476D488} = {76FA185F-7DB5-4675-8CB9-03838B9B628D}
		{6BB3781C-2998-4B7D-9B69-0C5F124EFE98} = {2417FD8E-AA3C-4B92-B267-9C6D1B3BEE97}
		{88E45448-5F11-4D6E-B60B-2BADF1E2901C} = {237613F9-818E-4509-A64A-4B957D01879A}
		{237613F9-818E-4509-A64A-4B957D01879A} = {6BB3781C-2998-4B7D-9B69-0C5F124EFE98}
		{3E9612EF-C08B-4C26-A150-B3BB11390286} = {237613F9-818E-4509-A64A-4B957D01879A}
		{B90F2CFB-16BB-47EA-B9B2-ECC7148B4705} = {237613F9-818E-4509-A64A-4B957D01879A}
		{4DFD0E70-DD23-46F0-9BFC-609A062B4A70} = {237613F9-818E-4509-A64A-4B957D01879A}
		{BA5D13CF-5A97-4869-BBE1-FCC5F74B315C} = {B9042345-AA22-4F8C-A3B7-8623972D4E32}
		{563184CE-973C-4E79-85B2-E9FF6F7188B6} = {B9042345-AA22-4F8C-A3B7-8623972D4E32}
		{E4E397B7-2C20-4F40-9C3E-265215EA9C4E} = {B9042345-AA22-4F8C-A3B7-8623972D4E32}
		{B9042345-AA22-4F8C-A3B7-8623972D4E32} = {76FA185F-7DB5-4675-8CB9-03838B9B628D}
		{3ECD100E-5B76-4068-BB9F-F44CE3706685} = {2417FD8E-AA3C-4B92-B267-9C6D1B3BEE97}
		{19CFDB19-862C-4ABB-99F6-B5707ABFB309} = {76FA185F-7DB5-4675-8CB9-03838B9B628D}
		{B936525C-8AA6-4593-8544-3BF32FC0A026} = {2417FD8E-AA3C-4B92-B267-9C6D1B3BEE97}
		{54D9C6DD-C72C-42F1-9BCF-579447B1F0A6} = {2417FD8E-AA3C-4B92-B267-9C6D1B3BEE97}
		{E9D0588E-FCB2-452E-8587-3FDC6DFB8669} = {3ECD100E-5B76-4068-BB9F-F44CE3706685}
		{5E0B5CBC-2681-4561-B71C-DFA7059B445C} = {76FA185F-7DB5-4675-8CB9-03838B9B628D}
		{1F03B172-A49D-4A0D-98FD-14759EA2FFD6} = {5E0B5CBC-2681-4561-B71C-DFA7059B445C}
	EndGlobalSection
EndGlobal
